// !$*UTF8*$!
{
	archiveVersion = 1;
	classes = {
	};
	objectVersion = 56;
	objects = {

/* Begin PBXBuildFile section */
		4E10865E2AC3B71B00D1FB31 /* CustomCollectionHeaderView.swift in Sources */ = {isa = PBXBuildFile; fileRef = 4E10865D2AC3B71B00D1FB31 /* CustomCollectionHeaderView.swift */; };
		4E1086602AC3B73000D1FB31 /* CustomCollectionFooterView.swift in Sources */ = {isa = PBXBuildFile; fileRef = 4E10865F2AC3B73000D1FB31 /* CustomCollectionFooterView.swift */; };
		4E26E49C2AC166B800CB3329 /* AppDelegate.swift in Sources */ = {isa = PBXBuildFile; fileRef = 4E26E49B2AC166B800CB3329 /* AppDelegate.swift */; };
		4E26E49E2AC166B800CB3329 /* SceneDelegate.swift in Sources */ = {isa = PBXBuildFile; fileRef = 4E26E49D2AC166B800CB3329 /* SceneDelegate.swift */; };
		4E26E4A02AC166B800CB3329 /* CurrentViewController.swift in Sources */ = {isa = PBXBuildFile; fileRef = 4E26E49F2AC166B800CB3329 /* CurrentViewController.swift */; };
		4E26E4A52AC166BB00CB3329 /* Assets.xcassets in Resources */ = {isa = PBXBuildFile; fileRef = 4E26E4A42AC166BB00CB3329 /* Assets.xcassets */; };
		4E26E4A82AC166BB00CB3329 /* LaunchScreen.storyboard in Resources */ = {isa = PBXBuildFile; fileRef = 4E26E4A62AC166BB00CB3329 /* LaunchScreen.storyboard */; };
		4E26E4B42AC167DC00CB3329 /* WeeklyViewController.swift in Sources */ = {isa = PBXBuildFile; fileRef = 4E26E4B32AC167DC00CB3329 /* WeeklyViewController.swift */; };
		4E26E4B62AC167F300CB3329 /* SearchViewController.swift in Sources */ = {isa = PBXBuildFile; fileRef = 4E26E4B52AC167F300CB3329 /* SearchViewController.swift */; };
		4E26E4B82AC1681600CB3329 /* RegionViewController.swift in Sources */ = {isa = PBXBuildFile; fileRef = 4E26E4B72AC1681600CB3329 /* RegionViewController.swift */; };
		4E26E4BA2AC1685000CB3329 /* DetailViewController.swift in Sources */ = {isa = PBXBuildFile; fileRef = 4E26E4B92AC1685000CB3329 /* DetailViewController.swift */; };
		4E26E4BC2AC169C600CB3329 /* TabBarController.swift in Sources */ = {isa = PBXBuildFile; fileRef = 4E26E4BB2AC169C600CB3329 /* TabBarController.swift */; };
		4E26E4BE2AC16B0700CB3329 /* CustomButton.swift in Sources */ = {isa = PBXBuildFile; fileRef = 4E26E4BD2AC16B0700CB3329 /* CustomButton.swift */; };
		4E26E4C12AC16C9400CB3329 /* SnapKit in Frameworks */ = {isa = PBXBuildFile; productRef = 4E26E4C02AC16C9400CB3329 /* SnapKit */; };
		4E26E4C52AC197D900CB3329 /* CurrentWeatherCell.swift in Sources */ = {isa = PBXBuildFile; fileRef = 4E26E4C42AC197D900CB3329 /* CurrentWeatherCell.swift */; };
		4E26E4C72AC197F200CB3329 /* CurrentTimelyCell.swift in Sources */ = {isa = PBXBuildFile; fileRef = 4E26E4C62AC197F200CB3329 /* CurrentTimelyCell.swift */; };
		4E26E4C92AC1993700CB3329 /* CurrentThumbnailCell.swift in Sources */ = {isa = PBXBuildFile; fileRef = 4E26E4C82AC1993600CB3329 /* CurrentThumbnailCell.swift */; };
		4E26E4CB2AC1C72100CB3329 /* CurrentWeatherMockup.swift in Sources */ = {isa = PBXBuildFile; fileRef = 4E26E4CA2AC1C72100CB3329 /* CurrentWeatherMockup.swift */; };
		4E26E4CD2AC1D7D400CB3329 /* SectionItem.swift in Sources */ = {isa = PBXBuildFile; fileRef = 4E26E4CC2AC1D7D400CB3329 /* SectionItem.swift */; };
		4E26E4CF2AC1D8B200CB3329 /* CustomCollectionView.swift in Sources */ = {isa = PBXBuildFile; fileRef = 4E26E4CE2AC1D8B200CB3329 /* CustomCollectionView.swift */; };
		4E6EDC602AC27E6A0003420F /* CustomLabel.swift in Sources */ = {isa = PBXBuildFile; fileRef = 4E6EDC5F2AC27E6A0003420F /* CustomLabel.swift */; };
		4E6EDC622AC282360003420F /* CustomStackView.swift in Sources */ = {isa = PBXBuildFile; fileRef = 4E6EDC612AC282360003420F /* CustomStackView.swift */; };
		4E6EDC642AC283250003420F /* CustomImageView.swift in Sources */ = {isa = PBXBuildFile; fileRef = 4E6EDC632AC283250003420F /* CustomImageView.swift */; };
		4E6EDC6C2AC2D8690003420F /* Gifu in Frameworks */ = {isa = PBXBuildFile; productRef = 4E6EDC6B2AC2D8690003420F /* Gifu */; };
		4E6EDC6E2AC2D89D0003420F /* rain.gif in Resources */ = {isa = PBXBuildFile; fileRef = 4E6EDC6D2AC2D89D0003420F /* rain.gif */; };
		4E6EDC702AC2DD890003420F /* Extensions.swift in Sources */ = {isa = PBXBuildFile; fileRef = 4E6EDC6F2AC2DD890003420F /* Extensions.swift */; };
		4E9CA8952AC69653009BC666 /* WeatherManager.swift in Sources */ = {isa = PBXBuildFile; fileRef = 4E9CA8932AC69652009BC666 /* WeatherManager.swift */; };
		4E9CA8962AC69653009BC666 /* MapManager.swift in Sources */ = {isa = PBXBuildFile; fileRef = 4E9CA8942AC69653009BC666 /* MapManager.swift */; };
/* End PBXBuildFile section */

/* Begin PBXFileReference section */
		4E10865D2AC3B71B00D1FB31 /* CustomCollectionHeaderView.swift */ = {isa = PBXFileReference; lastKnownFileType = sourcecode.swift; path = CustomCollectionHeaderView.swift; sourceTree = "<group>"; };
		4E10865F2AC3B73000D1FB31 /* CustomCollectionFooterView.swift */ = {isa = PBXFileReference; lastKnownFileType = sourcecode.swift; path = CustomCollectionFooterView.swift; sourceTree = "<group>"; };
		4E1086612AC404C600D1FB31 /* Kaminari.entitlements */ = {isa = PBXFileReference; lastKnownFileType = text.plist.entitlements; path = Kaminari.entitlements; sourceTree = "<group>"; };
		4E26E4982AC166B800CB3329 /* Kaminari.app */ = {isa = PBXFileReference; explicitFileType = wrapper.application; includeInIndex = 0; path = Kaminari.app; sourceTree = BUILT_PRODUCTS_DIR; };
		4E26E49B2AC166B800CB3329 /* AppDelegate.swift */ = {isa = PBXFileReference; lastKnownFileType = sourcecode.swift; path = AppDelegate.swift; sourceTree = "<group>"; };
		4E26E49D2AC166B800CB3329 /* SceneDelegate.swift */ = {isa = PBXFileReference; lastKnownFileType = sourcecode.swift; path = SceneDelegate.swift; sourceTree = "<group>"; };
		4E26E49F2AC166B800CB3329 /* CurrentViewController.swift */ = {isa = PBXFileReference; lastKnownFileType = sourcecode.swift; path = CurrentViewController.swift; sourceTree = "<group>"; };
		4E26E4A42AC166BB00CB3329 /* Assets.xcassets */ = {isa = PBXFileReference; lastKnownFileType = folder.assetcatalog; path = Assets.xcassets; sourceTree = "<group>"; };
		4E26E4A72AC166BB00CB3329 /* Base */ = {isa = PBXFileReference; lastKnownFileType = file.storyboard; name = Base; path = Base.lproj/LaunchScreen.storyboard; sourceTree = "<group>"; };
		4E26E4A92AC166BB00CB3329 /* Info.plist */ = {isa = PBXFileReference; lastKnownFileType = text.plist.xml; path = Info.plist; sourceTree = "<group>"; };
		4E26E4B32AC167DC00CB3329 /* WeeklyViewController.swift */ = {isa = PBXFileReference; lastKnownFileType = sourcecode.swift; path = WeeklyViewController.swift; sourceTree = "<group>"; };
		4E26E4B52AC167F300CB3329 /* SearchViewController.swift */ = {isa = PBXFileReference; lastKnownFileType = sourcecode.swift; path = SearchViewController.swift; sourceTree = "<group>"; };
		4E26E4B72AC1681600CB3329 /* RegionViewController.swift */ = {isa = PBXFileReference; lastKnownFileType = sourcecode.swift; path = RegionViewController.swift; sourceTree = "<group>"; };
		4E26E4B92AC1685000CB3329 /* DetailViewController.swift */ = {isa = PBXFileReference; lastKnownFileType = sourcecode.swift; path = DetailViewController.swift; sourceTree = "<group>"; };
		4E26E4BB2AC169C600CB3329 /* TabBarController.swift */ = {isa = PBXFileReference; fileEncoding = 4; lastKnownFileType = sourcecode.swift; path = TabBarController.swift; sourceTree = "<group>"; };
		4E26E4BD2AC16B0700CB3329 /* CustomButton.swift */ = {isa = PBXFileReference; lastKnownFileType = sourcecode.swift; path = CustomButton.swift; sourceTree = "<group>"; };
		4E26E4C42AC197D900CB3329 /* CurrentWeatherCell.swift */ = {isa = PBXFileReference; lastKnownFileType = sourcecode.swift; path = CurrentWeatherCell.swift; sourceTree = "<group>"; };
		4E26E4C62AC197F200CB3329 /* CurrentTimelyCell.swift */ = {isa = PBXFileReference; lastKnownFileType = sourcecode.swift; path = CurrentTimelyCell.swift; sourceTree = "<group>"; };
		4E26E4C82AC1993600CB3329 /* CurrentThumbnailCell.swift */ = {isa = PBXFileReference; lastKnownFileType = sourcecode.swift; path = CurrentThumbnailCell.swift; sourceTree = "<group>"; };
		4E26E4CA2AC1C72100CB3329 /* CurrentWeatherMockup.swift */ = {isa = PBXFileReference; lastKnownFileType = sourcecode.swift; path = CurrentWeatherMockup.swift; sourceTree = "<group>"; };
		4E26E4CC2AC1D7D400CB3329 /* SectionItem.swift */ = {isa = PBXFileReference; lastKnownFileType = sourcecode.swift; path = SectionItem.swift; sourceTree = "<group>"; };
		4E26E4CE2AC1D8B200CB3329 /* CustomCollectionView.swift */ = {isa = PBXFileReference; lastKnownFileType = sourcecode.swift; path = CustomCollectionView.swift; sourceTree = "<group>"; };
		4E6EDC5F2AC27E6A0003420F /* CustomLabel.swift */ = {isa = PBXFileReference; lastKnownFileType = sourcecode.swift; path = CustomLabel.swift; sourceTree = "<group>"; };
		4E6EDC612AC282360003420F /* CustomStackView.swift */ = {isa = PBXFileReference; fileEncoding = 4; lastKnownFileType = sourcecode.swift; path = CustomStackView.swift; sourceTree = "<group>"; };
		4E6EDC632AC283250003420F /* CustomImageView.swift */ = {isa = PBXFileReference; fileEncoding = 4; lastKnownFileType = sourcecode.swift; path = CustomImageView.swift; sourceTree = "<group>"; };
		4E6EDC6D2AC2D89D0003420F /* rain.gif */ = {isa = PBXFileReference; lastKnownFileType = image.gif; path = rain.gif; sourceTree = "<group>"; };
		4E6EDC6F2AC2DD890003420F /* Extensions.swift */ = {isa = PBXFileReference; lastKnownFileType = sourcecode.swift; path = Extensions.swift; sourceTree = "<group>"; };
		4E9CA8932AC69652009BC666 /* WeatherManager.swift */ = {isa = PBXFileReference; fileEncoding = 4; lastKnownFileType = sourcecode.swift; path = WeatherManager.swift; sourceTree = "<group>"; };
		4E9CA8942AC69653009BC666 /* MapManager.swift */ = {isa = PBXFileReference; fileEncoding = 4; lastKnownFileType = sourcecode.swift; path = MapManager.swift; sourceTree = "<group>"; };
/* End PBXFileReference section */

/* Begin PBXFrameworksBuildPhase section */
		4E26E4952AC166B800CB3329 /* Frameworks */ = {
			isa = PBXFrameworksBuildPhase;
			buildActionMask = 2147483647;
			files = (
				4E26E4C12AC16C9400CB3329 /* SnapKit in Frameworks */,
				4E6EDC6C2AC2D8690003420F /* Gifu in Frameworks */,
			);
			runOnlyForDeploymentPostprocessing = 0;
		};
/* End PBXFrameworksBuildPhase section */

/* Begin PBXGroup section */
		4E10865C2AC3B6DC00D1FB31 /* SubComponents */ = {
			isa = PBXGroup;
			children = (
				4E26E4BD2AC16B0700CB3329 /* CustomButton.swift */,
				4E26E4CE2AC1D8B200CB3329 /* CustomCollectionView.swift */,
				4E6EDC5F2AC27E6A0003420F /* CustomLabel.swift */,
				4E6EDC632AC283250003420F /* CustomImageView.swift */,
				4E6EDC612AC282360003420F /* CustomStackView.swift */,
				4E10865D2AC3B71B00D1FB31 /* CustomCollectionHeaderView.swift */,
				4E10865F2AC3B73000D1FB31 /* CustomCollectionFooterView.swift */,
			);
			path = SubComponents;
			sourceTree = "<group>";
		};
		4E26E48F2AC166B800CB3329 = {
			isa = PBXGroup;
			children = (
				4E26E49A2AC166B800CB3329 /* Kaminari */,
				4E26E4992AC166B800CB3329 /* Products */,
			);
			sourceTree = "<group>";
		};
		4E26E4992AC166B800CB3329 /* Products */ = {
			isa = PBXGroup;
			children = (
				4E26E4982AC166B800CB3329 /* Kaminari.app */,
			);
			name = Products;
			sourceTree = "<group>";
		};
		4E26E49A2AC166B800CB3329 /* Kaminari */ = {
			isa = PBXGroup;
			children = (
				4E1086612AC404C600D1FB31 /* Kaminari.entitlements */,
				4E26E49B2AC166B800CB3329 /* AppDelegate.swift */,
				4E26E49D2AC166B800CB3329 /* SceneDelegate.swift */,
				4E6EDC6F2AC2DD890003420F /* Extensions.swift */,
				4E26E4AF2AC1676700CB3329 /* Model */,
				4E26E4B02AC1676F00CB3329 /* View */,
				4E26E4B12AC1677B00CB3329 /* Controller */,
				4E26E4A42AC166BB00CB3329 /* Assets.xcassets */,
				4E6EDC6D2AC2D89D0003420F /* rain.gif */,
				4E26E4A62AC166BB00CB3329 /* LaunchScreen.storyboard */,
				4E26E4A92AC166BB00CB3329 /* Info.plist */,
			);
			path = Kaminari;
			sourceTree = "<group>";
		};
		4E26E4AF2AC1676700CB3329 /* Model */ = {
			isa = PBXGroup;
			children = (
				4E26E4CA2AC1C72100CB3329 /* CurrentWeatherMockup.swift */,
				4E26E4CC2AC1D7D400CB3329 /* SectionItem.swift */,
				4E9CA8942AC69653009BC666 /* MapManager.swift */,
				4E9CA8932AC69652009BC666 /* WeatherManager.swift */,
			);
			path = Model;
			sourceTree = "<group>";
		};
		4E26E4B02AC1676F00CB3329 /* View */ = {
			isa = PBXGroup;
			children = (
				4E10865C2AC3B6DC00D1FB31 /* SubComponents */,
				4E26E4B22AC167A800CB3329 /* Cell */,
			);
			path = View;
			sourceTree = "<group>";
		};
		4E26E4B12AC1677B00CB3329 /* Controller */ = {
			isa = PBXGroup;
			children = (
				4E26E4BB2AC169C600CB3329 /* TabBarController.swift */,
				4E26E49F2AC166B800CB3329 /* CurrentViewController.swift */,
				4E26E4B32AC167DC00CB3329 /* WeeklyViewController.swift */,
				4E26E4B72AC1681600CB3329 /* RegionViewController.swift */,
				4E26E4B52AC167F300CB3329 /* SearchViewController.swift */,
				4E26E4B92AC1685000CB3329 /* DetailViewController.swift */,
			);
			path = Controller;
			sourceTree = "<group>";
		};
		4E26E4B22AC167A800CB3329 /* Cell */ = {
			isa = PBXGroup;
			children = (
				4E26E4C82AC1993600CB3329 /* CurrentThumbnailCell.swift */,
				4E26E4C62AC197F200CB3329 /* CurrentTimelyCell.swift */,
				4E26E4C42AC197D900CB3329 /* CurrentWeatherCell.swift */,
			);
			path = Cell;
			sourceTree = "<group>";
		};
/* End PBXGroup section */

/* Begin PBXNativeTarget section */
		4E26E4972AC166B800CB3329 /* Kaminari */ = {
			isa = PBXNativeTarget;
			buildConfigurationList = 4E26E4AC2AC166BB00CB3329 /* Build configuration list for PBXNativeTarget "Kaminari" */;
			buildPhases = (
				4E26E4942AC166B800CB3329 /* Sources */,
				4E26E4952AC166B800CB3329 /* Frameworks */,
				4E26E4962AC166B800CB3329 /* Resources */,
			);
			buildRules = (
			);
			dependencies = (
			);
			name = Kaminari;
			packageProductDependencies = (
				4E26E4C02AC16C9400CB3329 /* SnapKit */,
				4E6EDC6B2AC2D8690003420F /* Gifu */,
			);
			productName = Kaminari;
			productReference = 4E26E4982AC166B800CB3329 /* Kaminari.app */;
			productType = "com.apple.product-type.application";
		};
/* End PBXNativeTarget section */

/* Begin PBXProject section */
		4E26E4902AC166B800CB3329 /* Project object */ = {
			isa = PBXProject;
			attributes = {
				BuildIndependentTargetsInParallel = 1;
				LastSwiftUpdateCheck = 1500;
				LastUpgradeCheck = 1500;
				TargetAttributes = {
					4E26E4972AC166B800CB3329 = {
						CreatedOnToolsVersion = 15.0;
					};
				};
			};
			buildConfigurationList = 4E26E4932AC166B800CB3329 /* Build configuration list for PBXProject "Kaminari" */;
			compatibilityVersion = "Xcode 14.0";
			developmentRegion = en;
			hasScannedForEncodings = 0;
			knownRegions = (
				en,
				Base,
			);
			mainGroup = 4E26E48F2AC166B800CB3329;
			packageReferences = (
				4E26E4BF2AC16C9400CB3329 /* XCRemoteSwiftPackageReference "SnapKit" */,
				4E6EDC6A2AC2D8690003420F /* XCRemoteSwiftPackageReference "Gifu" */,
			);
			productRefGroup = 4E26E4992AC166B800CB3329 /* Products */;
			projectDirPath = "";
			projectRoot = "";
			targets = (
				4E26E4972AC166B800CB3329 /* Kaminari */,
			);
		};
/* End PBXProject section */

/* Begin PBXResourcesBuildPhase section */
		4E26E4962AC166B800CB3329 /* Resources */ = {
			isa = PBXResourcesBuildPhase;
			buildActionMask = 2147483647;
			files = (
				4E26E4A82AC166BB00CB3329 /* LaunchScreen.storyboard in Resources */,
				4E6EDC6E2AC2D89D0003420F /* rain.gif in Resources */,
				4E26E4A52AC166BB00CB3329 /* Assets.xcassets in Resources */,
			);
			runOnlyForDeploymentPostprocessing = 0;
		};
/* End PBXResourcesBuildPhase section */

/* Begin PBXSourcesBuildPhase section */
		4E26E4942AC166B800CB3329 /* Sources */ = {
			isa = PBXSourcesBuildPhase;
			buildActionMask = 2147483647;
			files = (
				4E1086602AC3B73000D1FB31 /* CustomCollectionFooterView.swift in Sources */,
				4E10865E2AC3B71B00D1FB31 /* CustomCollectionHeaderView.swift in Sources */,
				4E26E4B62AC167F300CB3329 /* SearchViewController.swift in Sources */,
				4E6EDC642AC283250003420F /* CustomImageView.swift in Sources */,
				4E26E4BC2AC169C600CB3329 /* TabBarController.swift in Sources */,
				4E26E4BE2AC16B0700CB3329 /* CustomButton.swift in Sources */,
				4E9CA8952AC69653009BC666 /* WeatherManager.swift in Sources */,
				4E26E4C72AC197F200CB3329 /* CurrentTimelyCell.swift in Sources */,
				4E26E4CB2AC1C72100CB3329 /* CurrentWeatherMockup.swift in Sources */,
				4E26E4A02AC166B800CB3329 /* CurrentViewController.swift in Sources */,
				4E6EDC702AC2DD890003420F /* Extensions.swift in Sources */,
				4E26E4B82AC1681600CB3329 /* RegionViewController.swift in Sources */,
				4E6EDC602AC27E6A0003420F /* CustomLabel.swift in Sources */,
				4E6EDC622AC282360003420F /* CustomStackView.swift in Sources */,
				4E26E4B42AC167DC00CB3329 /* WeeklyViewController.swift in Sources */,
				4E26E4C92AC1993700CB3329 /* CurrentThumbnailCell.swift in Sources */,
				4E26E4CF2AC1D8B200CB3329 /* CustomCollectionView.swift in Sources */,
				4E26E49C2AC166B800CB3329 /* AppDelegate.swift in Sources */,
				4E26E49E2AC166B800CB3329 /* SceneDelegate.swift in Sources */,
				4E26E4BA2AC1685000CB3329 /* DetailViewController.swift in Sources */,
				4E26E4CD2AC1D7D400CB3329 /* SectionItem.swift in Sources */,
				4E9CA8962AC69653009BC666 /* MapManager.swift in Sources */,
				4E26E4C52AC197D900CB3329 /* CurrentWeatherCell.swift in Sources */,
			);
			runOnlyForDeploymentPostprocessing = 0;
		};
/* End PBXSourcesBuildPhase section */

/* Begin PBXVariantGroup section */
		4E26E4A62AC166BB00CB3329 /* LaunchScreen.storyboard */ = {
			isa = PBXVariantGroup;
			children = (
				4E26E4A72AC166BB00CB3329 /* Base */,
			);
			name = LaunchScreen.storyboard;
			sourceTree = "<group>";
		};
/* End PBXVariantGroup section */

/* Begin XCBuildConfiguration section */
		4E26E4AA2AC166BB00CB3329 /* Debug */ = {
			isa = XCBuildConfiguration;
			buildSettings = {
				ALWAYS_SEARCH_USER_PATHS = NO;
				ASSETCATALOG_COMPILER_GENERATE_SWIFT_ASSET_SYMBOL_EXTENSIONS = YES;
				CLANG_ANALYZER_NONNULL = YES;
				CLANG_ANALYZER_NUMBER_OBJECT_CONVERSION = YES_AGGRESSIVE;
				CLANG_CXX_LANGUAGE_STANDARD = "gnu++20";
				CLANG_ENABLE_MODULES = YES;
				CLANG_ENABLE_OBJC_ARC = YES;
				CLANG_ENABLE_OBJC_WEAK = YES;
				CLANG_WARN_BLOCK_CAPTURE_AUTORELEASING = YES;
				CLANG_WARN_BOOL_CONVERSION = YES;
				CLANG_WARN_COMMA = YES;
				CLANG_WARN_CONSTANT_CONVERSION = YES;
				CLANG_WARN_DEPRECATED_OBJC_IMPLEMENTATIONS = YES;
				CLANG_WARN_DIRECT_OBJC_ISA_USAGE = YES_ERROR;
				CLANG_WARN_DOCUMENTATION_COMMENTS = YES;
				CLANG_WARN_EMPTY_BODY = YES;
				CLANG_WARN_ENUM_CONVERSION = YES;
				CLANG_WARN_INFINITE_RECURSION = YES;
				CLANG_WARN_INT_CONVERSION = YES;
				CLANG_WARN_NON_LITERAL_NULL_CONVERSION = YES;
				CLANG_WARN_OBJC_IMPLICIT_RETAIN_SELF = YES;
				CLANG_WARN_OBJC_LITERAL_CONVERSION = YES;
				CLANG_WARN_OBJC_ROOT_CLASS = YES_ERROR;
				CLANG_WARN_QUOTED_INCLUDE_IN_FRAMEWORK_HEADER = YES;
				CLANG_WARN_RANGE_LOOP_ANALYSIS = YES;
				CLANG_WARN_STRICT_PROTOTYPES = YES;
				CLANG_WARN_SUSPICIOUS_MOVE = YES;
				CLANG_WARN_UNGUARDED_AVAILABILITY = YES_AGGRESSIVE;
				CLANG_WARN_UNREACHABLE_CODE = YES;
				CLANG_WARN__DUPLICATE_METHOD_MATCH = YES;
				COPY_PHASE_STRIP = NO;
				DEBUG_INFORMATION_FORMAT = dwarf;
				ENABLE_STRICT_OBJC_MSGSEND = YES;
				ENABLE_TESTABILITY = YES;
				ENABLE_USER_SCRIPT_SANDBOXING = YES;
				GCC_C_LANGUAGE_STANDARD = gnu17;
				GCC_DYNAMIC_NO_PIC = NO;
				GCC_NO_COMMON_BLOCKS = YES;
				GCC_OPTIMIZATION_LEVEL = 0;
				GCC_PREPROCESSOR_DEFINITIONS = (
					"DEBUG=1",
					"$(inherited)",
				);
				GCC_WARN_64_TO_32_BIT_CONVERSION = YES;
				GCC_WARN_ABOUT_RETURN_TYPE = YES_ERROR;
				GCC_WARN_UNDECLARED_SELECTOR = YES;
				GCC_WARN_UNINITIALIZED_AUTOS = YES_AGGRESSIVE;
				GCC_WARN_UNUSED_FUNCTION = YES;
				GCC_WARN_UNUSED_VARIABLE = YES;
				IPHONEOS_DEPLOYMENT_TARGET = 17.0;
				LOCALIZATION_PREFERS_STRING_CATALOGS = YES;
				MTL_ENABLE_DEBUG_INFO = INCLUDE_SOURCE;
				MTL_FAST_MATH = YES;
				ONLY_ACTIVE_ARCH = YES;
				SDKROOT = iphoneos;
				SWIFT_ACTIVE_COMPILATION_CONDITIONS = "DEBUG $(inherited)";
				SWIFT_OPTIMIZATION_LEVEL = "-Onone";
			};
			name = Debug;
		};
		4E26E4AB2AC166BB00CB3329 /* Release */ = {
			isa = XCBuildConfiguration;
			buildSettings = {
				ALWAYS_SEARCH_USER_PATHS = NO;
				ASSETCATALOG_COMPILER_GENERATE_SWIFT_ASSET_SYMBOL_EXTENSIONS = YES;
				CLANG_ANALYZER_NONNULL = YES;
				CLANG_ANALYZER_NUMBER_OBJECT_CONVERSION = YES_AGGRESSIVE;
				CLANG_CXX_LANGUAGE_STANDARD = "gnu++20";
				CLANG_ENABLE_MODULES = YES;
				CLANG_ENABLE_OBJC_ARC = YES;
				CLANG_ENABLE_OBJC_WEAK = YES;
				CLANG_WARN_BLOCK_CAPTURE_AUTORELEASING = YES;
				CLANG_WARN_BOOL_CONVERSION = YES;
				CLANG_WARN_COMMA = YES;
				CLANG_WARN_CONSTANT_CONVERSION = YES;
				CLANG_WARN_DEPRECATED_OBJC_IMPLEMENTATIONS = YES;
				CLANG_WARN_DIRECT_OBJC_ISA_USAGE = YES_ERROR;
				CLANG_WARN_DOCUMENTATION_COMMENTS = YES;
				CLANG_WARN_EMPTY_BODY = YES;
				CLANG_WARN_ENUM_CONVERSION = YES;
				CLANG_WARN_INFINITE_RECURSION = YES;
				CLANG_WARN_INT_CONVERSION = YES;
				CLANG_WARN_NON_LITERAL_NULL_CONVERSION = YES;
				CLANG_WARN_OBJC_IMPLICIT_RETAIN_SELF = YES;
				CLANG_WARN_OBJC_LITERAL_CONVERSION = YES;
				CLANG_WARN_OBJC_ROOT_CLASS = YES_ERROR;
				CLANG_WARN_QUOTED_INCLUDE_IN_FRAMEWORK_HEADER = YES;
				CLANG_WARN_RANGE_LOOP_ANALYSIS = YES;
				CLANG_WARN_STRICT_PROTOTYPES = YES;
				CLANG_WARN_SUSPICIOUS_MOVE = YES;
				CLANG_WARN_UNGUARDED_AVAILABILITY = YES_AGGRESSIVE;
				CLANG_WARN_UNREACHABLE_CODE = YES;
				CLANG_WARN__DUPLICATE_METHOD_MATCH = YES;
				COPY_PHASE_STRIP = NO;
				DEBUG_INFORMATION_FORMAT = "dwarf-with-dsym";
				ENABLE_NS_ASSERTIONS = NO;
				ENABLE_STRICT_OBJC_MSGSEND = YES;
				ENABLE_USER_SCRIPT_SANDBOXING = YES;
				GCC_C_LANGUAGE_STANDARD = gnu17;
				GCC_NO_COMMON_BLOCKS = YES;
				GCC_WARN_64_TO_32_BIT_CONVERSION = YES;
				GCC_WARN_ABOUT_RETURN_TYPE = YES_ERROR;
				GCC_WARN_UNDECLARED_SELECTOR = YES;
				GCC_WARN_UNINITIALIZED_AUTOS = YES_AGGRESSIVE;
				GCC_WARN_UNUSED_FUNCTION = YES;
				GCC_WARN_UNUSED_VARIABLE = YES;
				IPHONEOS_DEPLOYMENT_TARGET = 17.0;
				LOCALIZATION_PREFERS_STRING_CATALOGS = YES;
				MTL_ENABLE_DEBUG_INFO = NO;
				MTL_FAST_MATH = YES;
				SDKROOT = iphoneos;
				SWIFT_COMPILATION_MODE = wholemodule;
				VALIDATE_PRODUCT = YES;
			};
			name = Release;
		};
		4E26E4AD2AC166BB00CB3329 /* Debug */ = {
			isa = XCBuildConfiguration;
			buildSettings = {
				ASSETCATALOG_COMPILER_APPICON_NAME = AppIcon;
				ASSETCATALOG_COMPILER_GLOBAL_ACCENT_COLOR_NAME = AccentColor;
				CODE_SIGN_ENTITLEMENTS = Kaminari/Kaminari.entitlements;
				CODE_SIGN_STYLE = Automatic;
				CURRENT_PROJECT_VERSION = 1;
				DEVELOPMENT_TEAM = 4MN45GZSDT;
				GENERATE_INFOPLIST_FILE = YES;
				INFOPLIST_FILE = Kaminari/Info.plist;
				INFOPLIST_KEY_UIApplicationSupportsIndirectInputEvents = YES;
				INFOPLIST_KEY_UILaunchStoryboardName = LaunchScreen;
				INFOPLIST_KEY_UISupportedInterfaceOrientations_iPad = "UIInterfaceOrientationPortrait UIInterfaceOrientationPortraitUpsideDown UIInterfaceOrientationLandscapeLeft UIInterfaceOrientationLandscapeRight";
				INFOPLIST_KEY_UISupportedInterfaceOrientations_iPhone = "UIInterfaceOrientationPortrait UIInterfaceOrientationLandscapeLeft UIInterfaceOrientationLandscapeRight";
				IPHONEOS_DEPLOYMENT_TARGET = 16.0;
				LD_RUNPATH_SEARCH_PATHS = (
					"$(inherited)",
					"@executable_path/Frameworks",
				);
				MARKETING_VERSION = 1.0;
				PRODUCT_BUNDLE_IDENTIFIER = com.Junwoo.Kaminari;
				PRODUCT_NAME = "$(TARGET_NAME)";
				SWIFT_EMIT_LOC_STRINGS = YES;
				SWIFT_VERSION = 5.0;
				TARGETED_DEVICE_FAMILY = "1,2";
			};
			name = Debug;
		};
		4E26E4AE2AC166BB00CB3329 /* Release */ = {
			isa = XCBuildConfiguration;
			buildSettings = {
				ASSETCATALOG_COMPILER_APPICON_NAME = AppIcon;
				ASSETCATALOG_COMPILER_GLOBAL_ACCENT_COLOR_NAME = AccentColor;
				CODE_SIGN_ENTITLEMENTS = Kaminari/Kaminari.entitlements;
				CODE_SIGN_STYLE = Automatic;
				CURRENT_PROJECT_VERSION = 1;
				DEVELOPMENT_TEAM = 4MN45GZSDT;
				GENERATE_INFOPLIST_FILE = YES;
				INFOPLIST_FILE = Kaminari/Info.plist;
				INFOPLIST_KEY_UIApplicationSupportsIndirectInputEvents = YES;
				INFOPLIST_KEY_UILaunchStoryboardName = LaunchScreen;
				INFOPLIST_KEY_UISupportedInterfaceOrientations_iPad = "UIInterfaceOrientationPortrait UIInterfaceOrientationPortraitUpsideDown UIInterfaceOrientationLandscapeLeft UIInterfaceOrientationLandscapeRight";
				INFOPLIST_KEY_UISupportedInterfaceOrientations_iPhone = "UIInterfaceOrientationPortrait UIInterfaceOrientationLandscapeLeft UIInterfaceOrientationLandscapeRight";
				IPHONEOS_DEPLOYMENT_TARGET = 16.0;
				LD_RUNPATH_SEARCH_PATHS = (
					"$(inherited)",
					"@executable_path/Frameworks",
				);
				MARKETING_VERSION = 1.0;
				PRODUCT_BUNDLE_IDENTIFIER = com.Junwoo.Kaminari;
				PRODUCT_NAME = "$(TARGET_NAME)";
				SWIFT_EMIT_LOC_STRINGS = YES;
				SWIFT_VERSION = 5.0;
				TARGETED_DEVICE_FAMILY = "1,2";
			};
			name = Release;
		};
/* End XCBuildConfiguration section */

/* Begin XCConfigurationList section */
		4E26E4932AC166B800CB3329 /* Build configuration list for PBXProject "Kaminari" */ = {
			isa = XCConfigurationList;
			buildConfigurations = (
				4E26E4AA2AC166BB00CB3329 /* Debug */,
				4E26E4AB2AC166BB00CB3329 /* Release */,
			);
			defaultConfigurationIsVisible = 0;
			defaultConfigurationName = Release;
		};
		4E26E4AC2AC166BB00CB3329 /* Build configuration list for PBXNativeTarget "Kaminari" */ = {
			isa = XCConfigurationList;
			buildConfigurations = (
				4E26E4AD2AC166BB00CB3329 /* Debug */,
				4E26E4AE2AC166BB00CB3329 /* Release */,
			);
			defaultConfigurationIsVisible = 0;
			defaultConfigurationName = Release;
		};
/* End XCConfigurationList section */

/* Begin XCRemoteSwiftPackageReference section */
		4E26E4BF2AC16C9400CB3329 /* XCRemoteSwiftPackageReference "SnapKit" */ = {
			isa = XCRemoteSwiftPackageReference;
			repositoryURL = "https://github.com/SnapKit/SnapKit.git";
			requirement = {
				kind = upToNextMajorVersion;
				minimumVersion = 5.6.0;
			};
		};
		4E6EDC6A2AC2D8690003420F /* XCRemoteSwiftPackageReference "Gifu" */ = {
			isa = XCRemoteSwiftPackageReference;
			repositoryURL = "https://github.com/kaishin/Gifu.git";
			requirement = {
				branch = master;
				kind = branch;
			};
		};
/* End XCRemoteSwiftPackageReference section */

/* Begin XCSwiftPackageProductDependency section */
		4E26E4C02AC16C9400CB3329 /* SnapKit */ = {
			isa = XCSwiftPackageProductDependency;
			package = 4E26E4BF2AC16C9400CB3329 /* XCRemoteSwiftPackageReference "SnapKit" */;
			productName = SnapKit;
		};
		4E6EDC6B2AC2D8690003420F /* Gifu */ = {
			isa = XCSwiftPackageProductDependency;
			package = 4E6EDC6A2AC2D8690003420F /* XCRemoteSwiftPackageReference "Gifu" */;
			productName = Gifu;
		};
/* End XCSwiftPackageProductDependency section */
	};
	rootObject = 4E26E4902AC166B800CB3329 /* Project object */;
}
